// !$*UTF8*$!
{
	archiveVersion = 1;
	classes = {
	};
	objectVersion = 50;
	objects = {

/* Begin PBXBuildFile section */
		051B58792634B643009FBA44 /* AppDelegate.swift in Sources */ = {isa = PBXBuildFile; fileRef = 051B58782634B643009FBA44 /* AppDelegate.swift */; };
		051B587B2634B643009FBA44 /* SceneDelegate.swift in Sources */ = {isa = PBXBuildFile; fileRef = 051B587A2634B643009FBA44 /* SceneDelegate.swift */; };
		051B587F2634B645009FBA44 /* Assets.xcassets in Resources */ = {isa = PBXBuildFile; fileRef = 051B587E2634B645009FBA44 /* Assets.xcassets */; };
		051B58822634B645009FBA44 /* Preview Assets.xcassets in Resources */ = {isa = PBXBuildFile; fileRef = 051B58812634B645009FBA44 /* Preview Assets.xcassets */; };
		051B58852634B645009FBA44 /* LaunchScreen.storyboard in Resources */ = {isa = PBXBuildFile; fileRef = 051B58832634B645009FBA44 /* LaunchScreen.storyboard */; };
		051B588E2634B750009FBA44 /* Array+Only.swift in Sources */ = {isa = PBXBuildFile; fileRef = 051B588D2634B750009FBA44 /* Array+Only.swift */; };
		051B58912634B7D3009FBA44 /* Array+Identifiable.swift in Sources */ = {isa = PBXBuildFile; fileRef = 051B58902634B7D3009FBA44 /* Array+Identifiable.swift */; };
		051B58942634B87E009FBA44 /* Cardify.swift in Sources */ = {isa = PBXBuildFile; fileRef = 051B58932634B87E009FBA44 /* Cardify.swift */; };
		051B58972634B944009FBA44 /* Grid.swift in Sources */ = {isa = PBXBuildFile; fileRef = 051B58962634B944009FBA44 /* Grid.swift */; };
		051B589A2634B97E009FBA44 /* GridLayout.swift in Sources */ = {isa = PBXBuildFile; fileRef = 051B58992634B97E009FBA44 /* GridLayout.swift */; };
		051B589D2634BA7E009FBA44 /* MemoryGame.swift in Sources */ = {isa = PBXBuildFile; fileRef = 051B589C2634BA7E009FBA44 /* MemoryGame.swift */; };
		051B58A12634BEAA009FBA44 /* ToddleTime.swift in Sources */ = {isa = PBXBuildFile; fileRef = 051B58A02634BEAA009FBA44 /* ToddleTime.swift */; };
		051B58A72634C44E009FBA44 /* ToddleTimeView.swift in Sources */ = {isa = PBXBuildFile; fileRef = 051B58A62634C44E009FBA44 /* ToddleTimeView.swift */; };
		05CA67FE26518870003B83CD /* bananaSound.wav in Resources */ = {isa = PBXBuildFile; fileRef = 05CA67E026518870003B83CD /* bananaSound.wav */; };
		05CA67FF26518870003B83CD /* strawberrySound.wav in Resources */ = {isa = PBXBuildFile; fileRef = 05CA67E126518870003B83CD /* strawberrySound.wav */; };
		05CA680026518870003B83CD /* pepperSound.wav in Resources */ = {isa = PBXBuildFile; fileRef = 05CA67E226518870003B83CD /* pepperSound.wav */; };
		05CA680126518870003B83CD /* broccoliSound.wav in Resources */ = {isa = PBXBuildFile; fileRef = 05CA67E326518870003B83CD /* broccoliSound.wav */; };
		05CA680226518870003B83CD /* carrotSound.wav in Resources */ = {isa = PBXBuildFile; fileRef = 05CA67E426518870003B83CD /* carrotSound.wav */; };
		05CA680326518870003B83CD /* appleSound.wav in Resources */ = {isa = PBXBuildFile; fileRef = 05CA67E526518870003B83CD /* appleSound.wav */; };
		05CA680526518870003B83CD /* circleSound.wav in Resources */ = {isa = PBXBuildFile; fileRef = 05CA67E826518870003B83CD /* circleSound.wav */; };
		05CA680626518870003B83CD /* starSound.wav in Resources */ = {isa = PBXBuildFile; fileRef = 05CA67E926518870003B83CD /* starSound.wav */; };
		05CA680726518870003B83CD /* squareSound.wav in Resources */ = {isa = PBXBuildFile; fileRef = 05CA67EA26518870003B83CD /* squareSound.wav */; };
		05CA680826518870003B83CD /* triangleSound.wav in Resources */ = {isa = PBXBuildFile; fileRef = 05CA67EB26518870003B83CD /* triangleSound.wav */; };
		05CA680926518870003B83CD /* heartSound.wav in Resources */ = {isa = PBXBuildFile; fileRef = 05CA67EC26518870003B83CD /* heartSound.wav */; };
		05CA680A26518870003B83CD /* diamondSound.wav in Resources */ = {isa = PBXBuildFile; fileRef = 05CA67ED26518870003B83CD /* diamondSound.wav */; };
		05CA680B26518870003B83CD /* cowSound.wav in Resources */ = {isa = PBXBuildFile; fileRef = 05CA67EF26518870003B83CD /* cowSound.wav */; };
		05CA680C26518870003B83CD /* catSound.wav in Resources */ = {isa = PBXBuildFile; fileRef = 05CA67F026518870003B83CD /* catSound.wav */; };
		05CA680D26518870003B83CD /* horseSound.wav in Resources */ = {isa = PBXBuildFile; fileRef = 05CA67F126518870003B83CD /* horseSound.wav */; };
		05CA680E26518870003B83CD /* dogSound.wav in Resources */ = {isa = PBXBuildFile; fileRef = 05CA67F226518870003B83CD /* dogSound.wav */; };
		05CA680F26518870003B83CD /* chickenSound.wav in Resources */ = {isa = PBXBuildFile; fileRef = 05CA67F326518870003B83CD /* chickenSound.wav */; };
		05CA681026518870003B83CD /* pigSound.wav in Resources */ = {isa = PBXBuildFile; fileRef = 05CA67F426518870003B83CD /* pigSound.wav */; };
		05CA681126518870003B83CD /* flipCard.wav in Resources */ = {isa = PBXBuildFile; fileRef = 05CA67F526518870003B83CD /* flipCard.wav */; };
		05CA681226518870003B83CD /* shuffleCards.wav in Resources */ = {isa = PBXBuildFile; fileRef = 05CA67F626518870003B83CD /* shuffleCards.wav */; };
		05CA681326518870003B83CD /* sixSound.wav in Resources */ = {isa = PBXBuildFile; fileRef = 05CA67F826518870003B83CD /* sixSound.wav */; };
		05CA681426518870003B83CD /* fourSound.wav in Resources */ = {isa = PBXBuildFile; fileRef = 05CA67F926518870003B83CD /* fourSound.wav */; };
		05CA681526518870003B83CD /* oneSound.wav in Resources */ = {isa = PBXBuildFile; fileRef = 05CA67FA26518870003B83CD /* oneSound.wav */; };
		05CA681626518870003B83CD /* threeSound.wav in Resources */ = {isa = PBXBuildFile; fileRef = 05CA67FB26518870003B83CD /* threeSound.wav */; };
		05CA681726518870003B83CD /* twoSound.wav in Resources */ = {isa = PBXBuildFile; fileRef = 05CA67FC26518870003B83CD /* twoSound.wav */; };
		05CA681826518870003B83CD /* fiveSound.wav in Resources */ = {isa = PBXBuildFile; fileRef = 05CA67FD26518870003B83CD /* fiveSound.wav */; };
/* End PBXBuildFile section */

/* Begin PBXFileReference section */
		051B58752634B643009FBA44 /* ToddleTimeSwiftUI.app */ = {isa = PBXFileReference; explicitFileType = wrapper.application; includeInIndex = 0; path = ToddleTimeSwiftUI.app; sourceTree = BUILT_PRODUCTS_DIR; };
		051B58782634B643009FBA44 /* AppDelegate.swift */ = {isa = PBXFileReference; lastKnownFileType = sourcecode.swift; path = AppDelegate.swift; sourceTree = "<group>"; };
		051B587A2634B643009FBA44 /* SceneDelegate.swift */ = {isa = PBXFileReference; lastKnownFileType = sourcecode.swift; path = SceneDelegate.swift; sourceTree = "<group>"; };
		051B587E2634B645009FBA44 /* Assets.xcassets */ = {isa = PBXFileReference; lastKnownFileType = folder.assetcatalog; path = Assets.xcassets; sourceTree = "<group>"; };
		051B58812634B645009FBA44 /* Preview Assets.xcassets */ = {isa = PBXFileReference; lastKnownFileType = folder.assetcatalog; path = "Preview Assets.xcassets"; sourceTree = "<group>"; };
		051B58842634B645009FBA44 /* Base */ = {isa = PBXFileReference; lastKnownFileType = file.storyboard; name = Base; path = Base.lproj/LaunchScreen.storyboard; sourceTree = "<group>"; };
		051B58862634B645009FBA44 /* Info.plist */ = {isa = PBXFileReference; lastKnownFileType = text.plist.xml; path = Info.plist; sourceTree = "<group>"; };
		051B588D2634B750009FBA44 /* Array+Only.swift */ = {isa = PBXFileReference; lastKnownFileType = sourcecode.swift; path = "Array+Only.swift"; sourceTree = "<group>"; };
		051B58902634B7D3009FBA44 /* Array+Identifiable.swift */ = {isa = PBXFileReference; lastKnownFileType = sourcecode.swift; path = "Array+Identifiable.swift"; sourceTree = "<group>"; };
		051B58932634B87E009FBA44 /* Cardify.swift */ = {isa = PBXFileReference; lastKnownFileType = sourcecode.swift; path = Cardify.swift; sourceTree = "<group>"; };
		051B58962634B944009FBA44 /* Grid.swift */ = {isa = PBXFileReference; lastKnownFileType = sourcecode.swift; path = Grid.swift; sourceTree = "<group>"; };
		051B58992634B97E009FBA44 /* GridLayout.swift */ = {isa = PBXFileReference; lastKnownFileType = sourcecode.swift; path = GridLayout.swift; sourceTree = "<group>"; };
		051B589C2634BA7E009FBA44 /* MemoryGame.swift */ = {isa = PBXFileReference; lastKnownFileType = sourcecode.swift; path = MemoryGame.swift; sourceTree = "<group>"; };
		051B58A02634BEAA009FBA44 /* ToddleTime.swift */ = {isa = PBXFileReference; lastKnownFileType = sourcecode.swift; path = ToddleTime.swift; sourceTree = "<group>"; };
		051B58A62634C44E009FBA44 /* ToddleTimeView.swift */ = {isa = PBXFileReference; lastKnownFileType = sourcecode.swift; path = ToddleTimeView.swift; sourceTree = "<group>"; };
		05CA67E026518870003B83CD /* bananaSound.wav */ = {isa = PBXFileReference; lastKnownFileType = audio.wav; path = bananaSound.wav; sourceTree = "<group>"; };
		05CA67E126518870003B83CD /* strawberrySound.wav */ = {isa = PBXFileReference; lastKnownFileType = audio.wav; path = strawberrySound.wav; sourceTree = "<group>"; };
		05CA67E226518870003B83CD /* pepperSound.wav */ = {isa = PBXFileReference; lastKnownFileType = audio.wav; path = pepperSound.wav; sourceTree = "<group>"; };
		05CA67E326518870003B83CD /* broccoliSound.wav */ = {isa = PBXFileReference; lastKnownFileType = audio.wav; path = broccoliSound.wav; sourceTree = "<group>"; };
		05CA67E426518870003B83CD /* carrotSound.wav */ = {isa = PBXFileReference; lastKnownFileType = audio.wav; path = carrotSound.wav; sourceTree = "<group>"; };
		05CA67E526518870003B83CD /* appleSound.wav */ = {isa = PBXFileReference; lastKnownFileType = audio.wav; path = appleSound.wav; sourceTree = "<group>"; };
		05CA67E826518870003B83CD /* circleSound.wav */ = {isa = PBXFileReference; lastKnownFileType = audio.wav; path = circleSound.wav; sourceTree = "<group>"; };
		05CA67E926518870003B83CD /* starSound.wav */ = {isa = PBXFileReference; lastKnownFileType = audio.wav; path = starSound.wav; sourceTree = "<group>"; };
		05CA67EA26518870003B83CD /* squareSound.wav */ = {isa = PBXFileReference; lastKnownFileType = audio.wav; path = squareSound.wav; sourceTree = "<group>"; };
		05CA67EB26518870003B83CD /* triangleSound.wav */ = {isa = PBXFileReference; lastKnownFileType = audio.wav; path = triangleSound.wav; sourceTree = "<group>"; };
		05CA67EC26518870003B83CD /* heartSound.wav */ = {isa = PBXFileReference; lastKnownFileType = audio.wav; path = heartSound.wav; sourceTree = "<group>"; };
		05CA67ED26518870003B83CD /* diamondSound.wav */ = {isa = PBXFileReference; lastKnownFileType = audio.wav; path = diamondSound.wav; sourceTree = "<group>"; };
		05CA67EF26518870003B83CD /* cowSound.wav */ = {isa = PBXFileReference; lastKnownFileType = audio.wav; path = cowSound.wav; sourceTree = "<group>"; };
		05CA67F026518870003B83CD /* catSound.wav */ = {isa = PBXFileReference; lastKnownFileType = audio.wav; path = catSound.wav; sourceTree = "<group>"; };
		05CA67F126518870003B83CD /* horseSound.wav */ = {isa = PBXFileReference; lastKnownFileType = audio.wav; path = horseSound.wav; sourceTree = "<group>"; };
		05CA67F226518870003B83CD /* dogSound.wav */ = {isa = PBXFileReference; lastKnownFileType = audio.wav; path = dogSound.wav; sourceTree = "<group>"; };
		05CA67F326518870003B83CD /* chickenSound.wav */ = {isa = PBXFileReference; lastKnownFileType = audio.wav; path = chickenSound.wav; sourceTree = "<group>"; };
		05CA67F426518870003B83CD /* pigSound.wav */ = {isa = PBXFileReference; lastKnownFileType = audio.wav; path = pigSound.wav; sourceTree = "<group>"; };
		05CA67F526518870003B83CD /* flipCard.wav */ = {isa = PBXFileReference; lastKnownFileType = audio.wav; path = flipCard.wav; sourceTree = "<group>"; };
		05CA67F626518870003B83CD /* shuffleCards.wav */ = {isa = PBXFileReference; lastKnownFileType = audio.wav; path = shuffleCards.wav; sourceTree = "<group>"; };
		05CA67F826518870003B83CD /* sixSound.wav */ = {isa = PBXFileReference; lastKnownFileType = audio.wav; path = sixSound.wav; sourceTree = "<group>"; };
		05CA67F926518870003B83CD /* fourSound.wav */ = {isa = PBXFileReference; lastKnownFileType = audio.wav; path = fourSound.wav; sourceTree = "<group>"; };
		05CA67FA26518870003B83CD /* oneSound.wav */ = {isa = PBXFileReference; lastKnownFileType = audio.wav; path = oneSound.wav; sourceTree = "<group>"; };
		05CA67FB26518870003B83CD /* threeSound.wav */ = {isa = PBXFileReference; lastKnownFileType = audio.wav; path = threeSound.wav; sourceTree = "<group>"; };
		05CA67FC26518870003B83CD /* twoSound.wav */ = {isa = PBXFileReference; lastKnownFileType = audio.wav; path = twoSound.wav; sourceTree = "<group>"; };
		05CA67FD26518870003B83CD /* fiveSound.wav */ = {isa = PBXFileReference; lastKnownFileType = audio.wav; path = fiveSound.wav; sourceTree = "<group>"; };
/* End PBXFileReference section */

/* Begin PBXFrameworksBuildPhase section */
		051B58722634B643009FBA44 /* Frameworks */ = {
			isa = PBXFrameworksBuildPhase;
			buildActionMask = 2147483647;
			files = (
			);
			runOnlyForDeploymentPostprocessing = 0;
		};
/* End PBXFrameworksBuildPhase section */

/* Begin PBXGroup section */
		051B586C2634B642009FBA44 = {
			isa = PBXGroup;
			children = (
				051B58772634B643009FBA44 /* ToddleTimeSwiftUI */,
				051B58762634B643009FBA44 /* Products */,
			);
			sourceTree = "<group>";
		};
		051B58762634B643009FBA44 /* Products */ = {
			isa = PBXGroup;
			children = (
				051B58752634B643009FBA44 /* ToddleTimeSwiftUI.app */,
			);
			name = Products;
			sourceTree = "<group>";
		};
		051B58772634B643009FBA44 /* ToddleTimeSwiftUI */ = {
			isa = PBXGroup;
			children = (
				051B58862634B645009FBA44 /* Info.plist */,
				051B58932634B87E009FBA44 /* Cardify.swift */,
				051B58962634B944009FBA44 /* Grid.swift */,
				051B58992634B97E009FBA44 /* GridLayout.swift */,
				051B589C2634BA7E009FBA44 /* MemoryGame.swift */,
				051B58A02634BEAA009FBA44 /* ToddleTime.swift */,
				05CA681C26518DF8003B83CD /* Model */,
				05CA681B26518DDC003B83CD /* Other */,
				051B58802634B645009FBA44 /* Preview Content */,
				05CA67DB26518490003B83CD /* View */,
			);
			path = ToddleTimeSwiftUI;
			sourceTree = "<group>";
		};
		051B58802634B645009FBA44 /* Preview Content */ = {
			isa = PBXGroup;
			children = (
				051B58812634B645009FBA44 /* Preview Assets.xcassets */,
			);
			path = "Preview Content";
			sourceTree = "<group>";
		};
		05CA67DB26518490003B83CD /* View */ = {
			isa = PBXGroup;
			children = (
				051B58A62634C44E009FBA44 /* ToddleTimeView.swift */,
				051B58832634B645009FBA44 /* LaunchScreen.storyboard */,
			);
			path = View;
			sourceTree = "<group>";
		};
		05CA67DE26518870003B83CD /* Sounds */ = {
			isa = PBXGroup;
			children = (
				05CA67F626518870003B83CD /* shuffleCards.wav */,
				05CA67F526518870003B83CD /* flipCard.wav */,
				05CA67EE26518870003B83CD /* Farm Sounds */,
				05CA67DF26518870003B83CD /* Market Sounds */,
				05CA67F726518870003B83CD /* Number Sounds */,
				05CA67E726518870003B83CD /* Shape Sounds */,
			);
			path = Sounds;
			sourceTree = "<group>";
		};
		05CA67DF26518870003B83CD /* Market Sounds */ = {
			isa = PBXGroup;
			children = (
				05CA67E026518870003B83CD /* bananaSound.wav */,
				05CA67E126518870003B83CD /* strawberrySound.wav */,
				05CA67E226518870003B83CD /* pepperSound.wav */,
				05CA67E326518870003B83CD /* broccoliSound.wav */,
				05CA67E426518870003B83CD /* carrotSound.wav */,
				05CA67E526518870003B83CD /* appleSound.wav */,
			);
			path = "Market Sounds";
			sourceTree = "<group>";
		};
		05CA67E726518870003B83CD /* Shape Sounds */ = {
			isa = PBXGroup;
			children = (
				05CA67E826518870003B83CD /* circleSound.wav */,
				05CA67E926518870003B83CD /* starSound.wav */,
				05CA67EA26518870003B83CD /* squareSound.wav */,
				05CA67EB26518870003B83CD /* triangleSound.wav */,
				05CA67EC26518870003B83CD /* heartSound.wav */,
				05CA67ED26518870003B83CD /* diamondSound.wav */,
			);
			path = "Shape Sounds";
			sourceTree = "<group>";
		};
		05CA67EE26518870003B83CD /* Farm Sounds */ = {
			isa = PBXGroup;
			children = (
				05CA67EF26518870003B83CD /* cowSound.wav */,
				05CA67F026518870003B83CD /* catSound.wav */,
				05CA67F126518870003B83CD /* horseSound.wav */,
				05CA67F226518870003B83CD /* dogSound.wav */,
				05CA67F326518870003B83CD /* chickenSound.wav */,
				05CA67F426518870003B83CD /* pigSound.wav */,
			);
			path = "Farm Sounds";
			sourceTree = "<group>";
		};
		05CA67F726518870003B83CD /* Number Sounds */ = {
			isa = PBXGroup;
			children = (
				05CA67F826518870003B83CD /* sixSound.wav */,
				05CA67F926518870003B83CD /* fourSound.wav */,
				05CA67FA26518870003B83CD /* oneSound.wav */,
				05CA67FB26518870003B83CD /* threeSound.wav */,
				05CA67FC26518870003B83CD /* twoSound.wav */,
				05CA67FD26518870003B83CD /* fiveSound.wav */,
			);
			path = "Number Sounds";
			sourceTree = "<group>";
		};
		05CA681B26518DDC003B83CD /* Other */ = {
			isa = PBXGroup;
			children = (
				051B58782634B643009FBA44 /* AppDelegate.swift */,
				051B58902634B7D3009FBA44 /* Array+Identifiable.swift */,
				051B588D2634B750009FBA44 /* Array+Only.swift */,
				051B587A2634B643009FBA44 /* SceneDelegate.swift */,
			);
			path = Other;
			sourceTree = "<group>";
		};
		05CA681C26518DF8003B83CD /* Model */ = {
			isa = PBXGroup;
			children = (
				051B587E2634B645009FBA44 /* Assets.xcassets */,
				05CA67DE26518870003B83CD /* Sounds */,
			);
			path = Model;
			sourceTree = "<group>";
		};
/* End PBXGroup section */

/* Begin PBXNativeTarget section */
		051B58742634B643009FBA44 /* ToddleTimeSwiftUI */ = {
			isa = PBXNativeTarget;
			buildConfigurationList = 051B58892634B645009FBA44 /* Build configuration list for PBXNativeTarget "ToddleTimeSwiftUI" */;
			buildPhases = (
				051B58712634B643009FBA44 /* Sources */,
				051B58722634B643009FBA44 /* Frameworks */,
				051B58732634B643009FBA44 /* Resources */,
			);
			buildRules = (
			);
			dependencies = (
			);
			name = ToddleTimeSwiftUI;
			productName = ToddleTimeSwiftUI;
			productReference = 051B58752634B643009FBA44 /* ToddleTimeSwiftUI.app */;
			productType = "com.apple.product-type.application";
		};
/* End PBXNativeTarget section */

/* Begin PBXProject section */
		051B586D2634B642009FBA44 /* Project object */ = {
			isa = PBXProject;
			attributes = {
				LastSwiftUpdateCheck = 1240;
				LastUpgradeCheck = 1240;
				TargetAttributes = {
					051B58742634B643009FBA44 = {
						CreatedOnToolsVersion = 12.4;
					};
				};
			};
			buildConfigurationList = 051B58702634B642009FBA44 /* Build configuration list for PBXProject "ToddleTimeSwiftUI" */;
			compatibilityVersion = "Xcode 9.3";
			developmentRegion = en;
			hasScannedForEncodings = 0;
			knownRegions = (
				en,
				Base,
			);
			mainGroup = 051B586C2634B642009FBA44;
			productRefGroup = 051B58762634B643009FBA44 /* Products */;
			projectDirPath = "";
			projectRoot = "";
			targets = (
				051B58742634B643009FBA44 /* ToddleTimeSwiftUI */,
			);
		};
/* End PBXProject section */

/* Begin PBXResourcesBuildPhase section */
		051B58732634B643009FBA44 /* Resources */ = {
			isa = PBXResourcesBuildPhase;
			buildActionMask = 2147483647;
			files = (
				05CA67FF26518870003B83CD /* strawberrySound.wav in Resources */,
				05CA681526518870003B83CD /* oneSound.wav in Resources */,
				05CA680A26518870003B83CD /* diamondSound.wav in Resources */,
				05CA681326518870003B83CD /* sixSound.wav in Resources */,
				05CA680526518870003B83CD /* circleSound.wav in Resources */,
				05CA681226518870003B83CD /* shuffleCards.wav in Resources */,
				05CA680E26518870003B83CD /* dogSound.wav in Resources */,
				05CA680826518870003B83CD /* triangleSound.wav in Resources */,
				051B58852634B645009FBA44 /* LaunchScreen.storyboard in Resources */,
				05CA681426518870003B83CD /* fourSound.wav in Resources */,
				05CA680026518870003B83CD /* pepperSound.wav in Resources */,
				05CA681126518870003B83CD /* flipCard.wav in Resources */,
				05CA67FE26518870003B83CD /* bananaSound.wav in Resources */,
				05CA680B26518870003B83CD /* cowSound.wav in Resources */,
				05CA680726518870003B83CD /* squareSound.wav in Resources */,
				05CA680126518870003B83CD /* broccoliSound.wav in Resources */,
				05CA680326518870003B83CD /* appleSound.wav in Resources */,
				051B58822634B645009FBA44 /* Preview Assets.xcassets in Resources */,
				05CA680926518870003B83CD /* heartSound.wav in Resources */,
				05CA680626518870003B83CD /* starSound.wav in Resources */,
				051B587F2634B645009FBA44 /* Assets.xcassets in Resources */,
				05CA680C26518870003B83CD /* catSound.wav in Resources */,
				05CA681826518870003B83CD /* fiveSound.wav in Resources */,
				05CA680226518870003B83CD /* carrotSound.wav in Resources */,
				05CA681026518870003B83CD /* pigSound.wav in Resources */,
				05CA681726518870003B83CD /* twoSound.wav in Resources */,
				05CA680D26518870003B83CD /* horseSound.wav in Resources */,
				05CA680F26518870003B83CD /* chickenSound.wav in Resources */,
				05CA681626518870003B83CD /* threeSound.wav in Resources */,
			);
			runOnlyForDeploymentPostprocessing = 0;
		};
/* End PBXResourcesBuildPhase section */

/* Begin PBXSourcesBuildPhase section */
		051B58712634B643009FBA44 /* Sources */ = {
			isa = PBXSourcesBuildPhase;
			buildActionMask = 2147483647;
			files = (
				051B58942634B87E009FBA44 /* Cardify.swift in Sources */,
				051B58912634B7D3009FBA44 /* Array+Identifiable.swift in Sources */,
				051B58792634B643009FBA44 /* AppDelegate.swift in Sources */,
				051B587B2634B643009FBA44 /* SceneDelegate.swift in Sources */,
				051B58972634B944009FBA44 /* Grid.swift in Sources */,
				051B588E2634B750009FBA44 /* Array+Only.swift in Sources */,
				051B589A2634B97E009FBA44 /* GridLayout.swift in Sources */,
				051B58A72634C44E009FBA44 /* ToddleTimeView.swift in Sources */,
				051B58A12634BEAA009FBA44 /* ToddleTime.swift in Sources */,
				051B589D2634BA7E009FBA44 /* MemoryGame.swift in Sources */,
			);
			runOnlyForDeploymentPostprocessing = 0;
		};
/* End PBXSourcesBuildPhase section */

/* Begin PBXVariantGroup section */
		051B58832634B645009FBA44 /* LaunchScreen.storyboard */ = {
			isa = PBXVariantGroup;
			children = (
				051B58842634B645009FBA44 /* Base */,
			);
			name = LaunchScreen.storyboard;
			sourceTree = "<group>";
		};
/* End PBXVariantGroup section */

/* Begin XCBuildConfiguration section */
		051B58872634B645009FBA44 /* Debug */ = {
			isa = XCBuildConfiguration;
			buildSettings = {
				ALWAYS_SEARCH_USER_PATHS = NO;
				CLANG_ANALYZER_NONNULL = YES;
				CLANG_ANALYZER_NUMBER_OBJECT_CONVERSION = YES_AGGRESSIVE;
				CLANG_CXX_LANGUAGE_STANDARD = "gnu++14";
				CLANG_CXX_LIBRARY = "libc++";
				CLANG_ENABLE_MODULES = YES;
				CLANG_ENABLE_OBJC_ARC = YES;
				CLANG_ENABLE_OBJC_WEAK = YES;
				CLANG_WARN_BLOCK_CAPTURE_AUTORELEASING = YES;
				CLANG_WARN_BOOL_CONVERSION = YES;
				CLANG_WARN_COMMA = YES;
				CLANG_WARN_CONSTANT_CONVERSION = YES;
				CLANG_WARN_DEPRECATED_OBJC_IMPLEMENTATIONS = YES;
				CLANG_WARN_DIRECT_OBJC_ISA_USAGE = YES_ERROR;
				CLANG_WARN_DOCUMENTATION_COMMENTS = YES;
				CLANG_WARN_EMPTY_BODY = YES;
				CLANG_WARN_ENUM_CONVERSION = YES;
				CLANG_WARN_INFINITE_RECURSION = YES;
				CLANG_WARN_INT_CONVERSION = YES;
				CLANG_WARN_NON_LITERAL_NULL_CONVERSION = YES;
				CLANG_WARN_OBJC_IMPLICIT_RETAIN_SELF = YES;
				CLANG_WARN_OBJC_LITERAL_CONVERSION = YES;
				CLANG_WARN_OBJC_ROOT_CLASS = YES_ERROR;
				CLANG_WARN_QUOTED_INCLUDE_IN_FRAMEWORK_HEADER = YES;
				CLANG_WARN_RANGE_LOOP_ANALYSIS = YES;
				CLANG_WARN_STRICT_PROTOTYPES = YES;
				CLANG_WARN_SUSPICIOUS_MOVE = YES;
				CLANG_WARN_UNGUARDED_AVAILABILITY = YES_AGGRESSIVE;
				CLANG_WARN_UNREACHABLE_CODE = YES;
				CLANG_WARN__DUPLICATE_METHOD_MATCH = YES;
				COPY_PHASE_STRIP = NO;
				DEBUG_INFORMATION_FORMAT = dwarf;
				ENABLE_STRICT_OBJC_MSGSEND = YES;
				ENABLE_TESTABILITY = YES;
				GCC_C_LANGUAGE_STANDARD = gnu11;
				GCC_DYNAMIC_NO_PIC = NO;
				GCC_NO_COMMON_BLOCKS = YES;
				GCC_OPTIMIZATION_LEVEL = 0;
				GCC_PREPROCESSOR_DEFINITIONS = (
					"DEBUG=1",
					"$(inherited)",
				);
				GCC_WARN_64_TO_32_BIT_CONVERSION = YES;
				GCC_WARN_ABOUT_RETURN_TYPE = YES_ERROR;
				GCC_WARN_UNDECLARED_SELECTOR = YES;
				GCC_WARN_UNINITIALIZED_AUTOS = YES_AGGRESSIVE;
				GCC_WARN_UNUSED_FUNCTION = YES;
				GCC_WARN_UNUSED_VARIABLE = YES;
				IPHONEOS_DEPLOYMENT_TARGET = 14.4;
				MTL_ENABLE_DEBUG_INFO = INCLUDE_SOURCE;
				MTL_FAST_MATH = YES;
				ONLY_ACTIVE_ARCH = YES;
				SDKROOT = iphoneos;
				SWIFT_ACTIVE_COMPILATION_CONDITIONS = DEBUG;
				SWIFT_OPTIMIZATION_LEVEL = "-Onone";
			};
			name = Debug;
		};
		051B58882634B645009FBA44 /* Release */ = {
			isa = XCBuildConfiguration;
			buildSettings = {
				ALWAYS_SEARCH_USER_PATHS = NO;
				CLANG_ANALYZER_NONNULL = YES;
				CLANG_ANALYZER_NUMBER_OBJECT_CONVERSION = YES_AGGRESSIVE;
				CLANG_CXX_LANGUAGE_STANDARD = "gnu++14";
				CLANG_CXX_LIBRARY = "libc++";
				CLANG_ENABLE_MODULES = YES;
				CLANG_ENABLE_OBJC_ARC = YES;
				CLANG_ENABLE_OBJC_WEAK = YES;
				CLANG_WARN_BLOCK_CAPTURE_AUTORELEASING = YES;
				CLANG_WARN_BOOL_CONVERSION = YES;
				CLANG_WARN_COMMA = YES;
				CLANG_WARN_CONSTANT_CONVERSION = YES;
				CLANG_WARN_DEPRECATED_OBJC_IMPLEMENTATIONS = YES;
				CLANG_WARN_DIRECT_OBJC_ISA_USAGE = YES_ERROR;
				CLANG_WARN_DOCUMENTATION_COMMENTS = YES;
				CLANG_WARN_EMPTY_BODY = YES;
				CLANG_WARN_ENUM_CONVERSION = YES;
				CLANG_WARN_INFINITE_RECURSION = YES;
				CLANG_WARN_INT_CONVERSION = YES;
				CLANG_WARN_NON_LITERAL_NULL_CONVERSION = YES;
				CLANG_WARN_OBJC_IMPLICIT_RETAIN_SELF = YES;
				CLANG_WARN_OBJC_LITERAL_CONVERSION = YES;
				CLANG_WARN_OBJC_ROOT_CLASS = YES_ERROR;
				CLANG_WARN_QUOTED_INCLUDE_IN_FRAMEWORK_HEADER = YES;
				CLANG_WARN_RANGE_LOOP_ANALYSIS = YES;
				CLANG_WARN_STRICT_PROTOTYPES = YES;
				CLANG_WARN_SUSPICIOUS_MOVE = YES;
				CLANG_WARN_UNGUARDED_AVAILABILITY = YES_AGGRESSIVE;
				CLANG_WARN_UNREACHABLE_CODE = YES;
				CLANG_WARN__DUPLICATE_METHOD_MATCH = YES;
				COPY_PHASE_STRIP = NO;
				DEBUG_INFORMATION_FORMAT = "dwarf-with-dsym";
				ENABLE_NS_ASSERTIONS = NO;
				ENABLE_STRICT_OBJC_MSGSEND = YES;
				GCC_C_LANGUAGE_STANDARD = gnu11;
				GCC_NO_COMMON_BLOCKS = YES;
				GCC_WARN_64_TO_32_BIT_CONVERSION = YES;
				GCC_WARN_ABOUT_RETURN_TYPE = YES_ERROR;
				GCC_WARN_UNDECLARED_SELECTOR = YES;
				GCC_WARN_UNINITIALIZED_AUTOS = YES_AGGRESSIVE;
				GCC_WARN_UNUSED_FUNCTION = YES;
				GCC_WARN_UNUSED_VARIABLE = YES;
				IPHONEOS_DEPLOYMENT_TARGET = 14.4;
				MTL_ENABLE_DEBUG_INFO = NO;
				MTL_FAST_MATH = YES;
				SDKROOT = iphoneos;
				SWIFT_COMPILATION_MODE = wholemodule;
				SWIFT_OPTIMIZATION_LEVEL = "-O";
				VALIDATE_PRODUCT = YES;
			};
			name = Release;
		};
		051B588A2634B645009FBA44 /* Debug */ = {
			isa = XCBuildConfiguration;
			buildSettings = {
				ASSETCATALOG_COMPILER_APPICON_NAME = AppIcon;
				ASSETCATALOG_COMPILER_GLOBAL_ACCENT_COLOR_NAME = AccentColor;
				CODE_SIGN_STYLE = Automatic;
				DEVELOPMENT_ASSET_PATHS = "\"ToddleTimeSwiftUI/Preview Content\"";
				DEVELOPMENT_TEAM = 7YNF79H478;
				ENABLE_PREVIEWS = YES;
				INFOPLIST_FILE = ToddleTimeSwiftUI/Info.plist;
				LD_RUNPATH_SEARCH_PATHS = (
					"$(inherited)",
					"@executable_path/Frameworks",
				);
				PRODUCT_BUNDLE_IDENTIFIER = com.bananaviking.ToddleTimeSwiftUI;
				PRODUCT_NAME = "$(TARGET_NAME)";
				SWIFT_VERSION = 5.0;
				TARGETED_DEVICE_FAMILY = "1,2";
			};
			name = Debug;
		};
		051B588B2634B645009FBA44 /* Release */ = {
			isa = XCBuildConfiguration;
			buildSettings = {
				ASSETCATALOG_COMPILER_APPICON_NAME = AppIcon;
				ASSETCATALOG_COMPILER_GLOBAL_ACCENT_COLOR_NAME = AccentColor;
				CODE_SIGN_STYLE = Automatic;
				DEVELOPMENT_ASSET_PATHS = "\"ToddleTimeSwiftUI/Preview Content\"";
				DEVELOPMENT_TEAM = 7YNF79H478;
				ENABLE_PREVIEWS = YES;
				INFOPLIST_FILE = ToddleTimeSwiftUI/Info.plist;
				LD_RUNPATH_SEARCH_PATHS = (
					"$(inherited)",
					"@executable_path/Frameworks",
				);
				PRODUCT_BUNDLE_IDENTIFIER = com.bananaviking.ToddleTimeSwiftUI;
				PRODUCT_NAME = "$(TARGET_NAME)";
				SWIFT_VERSION = 5.0;
				TARGETED_DEVICE_FAMILY = "1,2";
			};
			name = Release;
		};
/* End XCBuildConfiguration section */

/* Begin XCConfigurationList section */
		051B58702634B642009FBA44 /* Build configuration list for PBXProject "ToddleTimeSwiftUI" */ = {
			isa = XCConfigurationList;
			buildConfigurations = (
				051B58872634B645009FBA44 /* Debug */,
				051B58882634B645009FBA44 /* Release */,
			);
			defaultConfigurationIsVisible = 0;
			defaultConfigurationName = Release;
		};
		051B58892634B645009FBA44 /* Build configuration list for PBXNativeTarget "ToddleTimeSwiftUI" */ = {
			isa = XCConfigurationList;
			buildConfigurations = (
				051B588A2634B645009FBA44 /* Debug */,
				051B588B2634B645009FBA44 /* Release */,
			);
			defaultConfigurationIsVisible = 0;
			defaultConfigurationName = Release;
		};
/* End XCConfigurationList section */
	};
	rootObject = 051B586D2634B642009FBA44 /* Project object */;
}
